{
    "_meta": {
        "hash": {
            "sha256": "c1e51dd64c3a751ab18616bcfda67052c43365e61352a64264e898d4ad110543"
        },
        "pipfile-spec": 6,
        "requires": {
            "python_version": "3.9"
        },
        "sources": [
            {
                "name": "pypi",
                "url": "https://pypi.org/simple",
                "verify_ssl": true
            }
        ]
    },
    "default": {
        "adafruit-blinka": {
            "hashes": [
                "sha256:474a38e8b5397ba30253c0334b994addc994b116098de0d4fc5472ff2def94f2",
                "sha256:e998661b0637a5c7ceeeb20c64e5a5ada65c7078b2eab95f3b95403fb5c190f2"
            ],
            "markers": "python_full_version >= '3.7.0'",
            "version": "==8.15.2"
        },
        "adafruit-circuitpython-74hc595": {
            "hashes": [
                "sha256:b507aed829d3e63951d7965ed19cfe759e4a2e928390766ef90a2a1d49ca1b09",
                "sha256:d56ef5b0c58acee0dd4dc4582423cc735da01adc93ccc21bdb395949149ecf1b"
            ],
            "version": "==1.4.1"
        },
        "adafruit-circuitpython-busdevice": {
            "hashes": [
                "sha256:062d010b29ba814c764fbe3a693b7ebbd329b70a9fd5ebde40e0faa020e5fae7",
                "sha256:faa572b613a0732de938ed008402dfb105d91adb5d0096bf2709f46669a94885"
            ],
            "version": "==5.2.3"
        },
        "adafruit-circuitpython-charlcd": {
            "hashes": [
                "sha256:598b6f98ccfc4f5fe8eb2f7abb1a524bcfbbdb65882a7d2060677848e2a7add6",
                "sha256:aa56b46d378656646f4798312465460b80aa84701d102cfbec5070f25ba37639"
            ],
            "index": "pypi",
            "version": "==3.4.6"
        },
        "adafruit-circuitpython-mcp230xx": {
            "hashes": [
                "sha256:d9d90840f5ddc24cead038d7c9b8c6074bb5cbd821f95df472b3f516096c99a8",
                "sha256:f23b80a035f6d35482ce99fd014ed6908b5a54ea55b2de363b6493d99c7c7c9d"
            ],
            "version": "==2.5.9"
        },
        "adafruit-circuitpython-requests": {
            "hashes": [
                "sha256:3a14c6c6fec88c181e67d4454f9d0017a93ee655899a56719bb7571d58c185c1",
                "sha256:57845b38edb842d84e30ae01bef963cf8f1c4513bf4fc56204106c31b298b7c1"
            ],
            "version": "==1.13.0"
        },
        "adafruit-circuitpython-typing": {
            "hashes": [
                "sha256:31d0b597235fb8a56e875f4588800b4b2ac59c00fd554540cbe7759586aa0622",
                "sha256:6c1c2db749a7daa1528548cb899397bf4793895c80ffe2a7ce0922ad3aeabf01"
            ],
            "version": "==1.8.3"
        },
        "adafruit-platformdetect": {
            "hashes": [
                "sha256:179d6e046bca8dbce15f1bf6ac0d17908b9c20d67ef46527c5ac20d96504d2fb",
                "sha256:a611bd0c4978265ac8377ce2974490459f839e4b69ba72b4f789f1550f4292cc"
            ],
            "version": "==3.40.3"
        },
        "adafruit-pureio": {
            "hashes": [
                "sha256:1206883753c0966309e6d02da970676e9bc7b503bb4a26f736e01739f56a64b9"
            ],
            "markers": "python_full_version >= '3.5.0'",
            "version": "==1.1.10"
        },
        "aioconsole": {
            "hashes": [
                "sha256:2c3f29116d209ffe21c0ef2e5846882891819bd714d630e4350a4b19a61aac0a",
                "sha256:ec08ca307bfc1d81ccc156d00b8c7eae510fe03a91a48d5aed95f50915b3e9d6"
            ],
            "index": "pypi",
            "version": "==0.6.0"
        },
        "pyftdi": {
            "hashes": [
                "sha256:112f16ee5b2a2becb8f8df9dd40b3bba007589f34e7613024122d94bd56eb7d7",
                "sha256:8df9af22077d17533d2f95b508b1d87959877627ea5dc2369056e90a3b5a232d"
            ],
            "markers": "python_version >= '3.7'",
            "version": "==0.54.0"
        },
        "pyserial": {
            "hashes": [
                "sha256:3c77e014170dfffbd816e6ffc205e9842efb10be9f58ec16d3e8675b4925cddb",
                "sha256:c4451db6ba391ca6ca299fb3ec7bae67a5c55dde170964c7a14ceefec02f2cf0"
            ],
            "version": "==3.5"
        },
        "pyusb": {
            "hashes": [
                "sha256:2b4c7cb86dbadf044dfb9d3a4ff69fd217013dbe78a792177a3feb172449ea36",
                "sha256:a4cc7404a203144754164b8b40994e2849fde1cfff06b08492f12fff9d9de7b9"
            ],
            "markers": "python_full_version >= '3.6.0'",
            "version": "==1.2.1"
        },
        "typing-extensions": {
            "hashes": [
                "sha256:5cb5f4a79139d699607b3ef622a1dedafa84e115ab0024e0d9c044a9479ca7cb",
                "sha256:fb33085c39dd998ac16d1431ebc293a8b3eedd00fd4a32de0ff79002c19511b4"
            ],
            "markers": "python_version >= '3.7'",
            "version": "==4.5.0"
        }
    },
    "develop": {}
}
